
Microsoft Visual Studio Solution File, Format Version 12.00
Project("{FAE04EC0-301F-11D3-BF4B-00C04F79EFBC}") = "COMP003A.FinalProject", "COMP003A.FinalProject\COMP003A.FinalProject.csproj", "{B3635E49-5C8B-424B-A984-AA4C91CC5567}"
EndProject
Global
	GlobalSection(SolutionConfigurationPlatforms) = preSolution
		Debug|Any CPU = Debug|Any CPU
		Release|Any CPU = Release|Any CPU
	EndGlobalSection
	GlobalSection(ProjectConfigurationPlatforms) = postSolution
		{B3635E49-5C8B-424B-A984-AA4C91CC5567}.Debug|Any CPU.ActiveCfg = Debug|Any CPU
		{B3635E49-5C8B-424B-A984-AA4C91CC5567}.Debug|Any CPU.Build.0 = Debug|Any CPU
		{B3635E49-5C8B-424B-A984-AA4C91CC5567}.Release|Any CPU.ActiveCfg = Release|Any CPU
		{B3635E49-5C8B-424B-A984-AA4C91CC5567}.Release|Any CPU.Build.0 = Release|Any CPU
	EndGlobalSection
EndGlobal
